{
  "name": "ballerz",
  "version": "1.0.0",
  "lockfileVersion": 3,
  "requires": true,
  "packages": {
    "": {
      "name": "ballerz",
      "version": "1.0.0",
      "license": "ISC",
      "dependencies": {
        "@flowtyio/flow-contracts": "github:flowtyio/flow-contracts#crescendo"
      }
    },
    "node_modules/@flowtyio/flow-contracts": {
      "version": "0.1.0-beta.23",
      "resolved": "git+ssh://git@github.com/flowtyio/flow-contracts.git#e3885e4368d0ee04c2df8166e808e82d94e419d8",
      "license": "MIT",
      "dependencies": {
        "commander": "^11.0.0"
      },
      "bin": {
        "flow-contracts": "index.js"
      }
    },
    "node_modules/commander": {
      "version": "11.1.0",
      "resolved": "https://registry.npmjs.org/commander/-/commander-11.1.0.tgz",
      "integrity": "sha512-yPVavfyCcRhmorC7rWlkHn15b4wDVgVmBA7kV4QVBsF7kv/9TKJAbAXVTxvTnwP8HHKjRCJDClKbciiYS7p0DQ==",
      "engines": {
        "node": ">=16"
      }
    }
  }
}
